
Microsoft Visual Studio Solution File, Format Version 12.00
# Visual Studio 15
VisualStudioVersion = 15.0.28307.2092
MinimumVisualStudioVersion = 10.0.40219.1
Project("{FAE04EC0-301F-11D3-BF4B-00C04F79EFBC}") = "Connect4WPF", "Connect4WPF\Connect4WPF.csproj", "{283EFA6C-86E6-4D94-92CB-DC21262DFEF4}"
EndProject
Global
	GlobalSection(SolutionConfigurationPlatforms) = preSolution
		Debug|Any CPU = Debug|Any CPU
		Release|Any CPU = Release|Any CPU
	EndGlobalSection
	GlobalSection(ProjectConfigurationPlatforms) = postSolution
		{283EFA6C-86E6-4D94-92CB-DC21262DFEF4}.Debug|Any CPU.ActiveCfg = Debug|Any CPU
		{283EFA6C-86E6-4D94-92CB-DC21262DFEF4}.Debug|Any CPU.Build.0 = Debug|Any CPU
		{283EFA6C-86E6-4D94-92CB-DC21262DFEF4}.Release|Any CPU.ActiveCfg = Release|Any CPU
		{283EFA6C-86E6-4D94-92CB-DC21262DFEF4}.Release|Any CPU.Build.0 = Release|Any CPU
	EndGlobalSection
	GlobalSection(SolutionProperties) = preSolution
		HideSolutionNode = FALSE
	EndGlobalSection
	GlobalSection(ExtensibilityGlobals) = postSolution
		SolutionGuid = {DBE1C053-55AC-4D44-AF83-6DBD54DB66C1}
	EndGlobalSection
EndGlobal
